<?xml version="1.0" encoding="utf-8"?>
<Project ToolsVersion="4.0" xmlns="http://schemas.microsoft.com/developer/msbuild/2003">
  <ItemGroup>
    <Filter Include="source">
      <UniqueIdentifier>{4FC737F1-C7A5-4376-A066-2A32D752A2FF}</UniqueIdentifier>
      <Extensions>cpp;c;cc;cxx;def;odl;idl;hpj;bat;asm;asmx</Extensions>
    </Filter>
    <Filter Include="resource">
      <UniqueIdentifier>{c6f31009-55cc-406a-bbcb-599cc108c6d6}</UniqueIdentifier>
    </Filter>
    <Filter Include="headers">
      <UniqueIdentifier>{93995380-89BD-4b04-88EB-625FBE52EBFB}</UniqueIdentifier>
      <Extensions>h;hh;hpp;hxx;hm;inl;inc;ipp;xsd</Extensions>
    </Filter>
  </ItemGroup>
  <ItemGroup>
    <ClCompile Include="main.cpp">
      <Filter>source</Filter>
    </ClCompile>
    <ClCompile Include="service.cpp">
      <Filter>source</Filter>
    </ClCompile>
    <ClCompile Include="utils.cpp">
      <Filter>source</Filter>
    </ClCompile>
    <ClCompile Include="portable_executable.cpp">
      <Filter>source</Filter>
    </ClCompile>
    <ClCompile Include="kdmapper.cpp">
      <Filter>source</Filter>
    </ClCompile>
    <ClCompile Include="intel_driver.cpp">
      <Filter>source</Filter>
    </ClCompile>
  </ItemGroup>
  <ItemGroup>
    <ClInclude Include="intel_driver.hpp">
      <Filter>headers</Filter>
    </ClInclude>
    <ClInclude Include="intel_driver_resource.hpp">
      <Filter>resource</Filter>
    </ClInclude>
    <ClInclude Include="kdmapper.hpp">
      <Filter>headers</Filter>
    </ClInclude>
    <ClInclude Include="nt.hpp">
      <Filter>headers</Filter>
    </ClInclude>
    <ClInclude Include="ntdll.h">
      <Filter>headers</Filter>
    </ClInclude>
    <ClInclude Include="portable_executable.hpp">
      <Filter>headers</Filter>
    </ClInclude>
    <ClInclude Include="service.hpp">
      <Filter>headers</Filter>
    </ClInclude>
    <ClInclude Include="utils.hpp">
      <Filter>headers</Filter>
    </ClInclude>
  </ItemGroup>
</Project>